# mica-lock v1
release	mica-build-env	20260926-2110	d1ec6ef5e074418bbb14f1265a5012c302fe2e3f
image	mica-build-env	base	amd64	ghcr.io/micaoss/mica-build-env@sha256:4ca7e2de3c7f704ea931b5a0b21cd5eeb4bd189121f33cb3c96f6dcb0046b201
image	mica-build-env	base	arm64	ghcr.io/micaoss/mica-build-env@sha256:cb703057a4ef0ef6acc3fc363e616f9526766adb41b3b3058f47daafd17523b5
image	mica-build-env	base	index	ghcr.io/micaoss/mica-build-env:base.20260926-2110@sha256:931b7b9f59c5e8c8e37c4a838e89f0a59c05a26ed411da94c8234f469d1fb345
image	mica-build-env	bsp	amd64	ghcr.io/micaoss/mica-build-env@sha256:5e84d0dfd9a02d1042976ff6f1d91c4965996f8cdc46da9fb039a096f399fcba
image	mica-build-env	bsp	arm64	ghcr.io/micaoss/mica-build-env@sha256:2b59c42db7aab524d230561e6aec9a4f80957fe282d34e0a8413695a66e14a08
image	mica-build-env	bsp	index	ghcr.io/micaoss/mica-build-env:bsp.20260926-2110@sha256:bf3369e148c95ed2c0344be147efd0f0a4b70024ba6e7e1edcf5cb4c609b2578
image	mica-build-env	c	amd64	ghcr.io/micaoss/mica-build-env@sha256:0e64cfde280a589511adb3a9288881f9de589e3d7062acf42603f09ded65a14c
image	mica-build-env	c	arm64	ghcr.io/micaoss/mica-build-env@sha256:a4c81863ec439fab06004e78639bd9e4765a95de0501f6a4c1a1736d78485c17
image	mica-build-env	c	index	ghcr.io/micaoss/mica-build-env:c.20260926-2110@sha256:b37ee7499f04613cdb91ede91eacebf074f00e04bdb6fb0c70d523cd7ccf12e5
image	mica-build-env	go	amd64	ghcr.io/micaoss/mica-build-env@sha256:2dc98c8fb49396aeca4fe939112ccdd681477100a178c82ded456396036ca55b
image	mica-build-env	go	arm64	ghcr.io/micaoss/mica-build-env@sha256:2ff0c3c6448297495a29a18556005082e5bbf3d5de3e914579c754938b81aa75
image	mica-build-env	go	index	ghcr.io/micaoss/mica-build-env:go.20260926-2110@sha256:a954e9dbd8f1a87920f4719e08b8ed523a6ff3f8f480c5a0c9319b96425b88d0
image	mica-build-env	rust	amd64	ghcr.io/micaoss/mica-build-env@sha256:32b4d8d5b97c4fdd70912e798e03830af7b211ca211fa8dfc8882077c5058915
image	mica-build-env	rust	arm64	ghcr.io/micaoss/mica-build-env@sha256:7602a049d7f4107ab7aa6ea9e08b4da513eeecf617dcf255b0c29f49e6b7ec4e
image	mica-build-env	rust	index	ghcr.io/micaoss/mica-build-env:rust.20260926-2110@sha256:d5fa4a5ba823c74580fd117f23a102f5b1b71da825521edcf4eacdb6cdeea214
image	upstream	alpine:3.24.1	amd64	docker.io/library/alpine:3.24.1@sha256:28bd5fe8b56d1bd048e5babf5b10710ebe0bae67db86916198a6eec434943f8b
image	upstream	alpine:3.24.1	arm64	docker.io/library/alpine:3.24.1@sha256:28bd5fe8b56d1bd048e5babf5b10710ebe0bae67db86916198a6eec434943f8b
image	upstream	debian:trixie-slim	amd64	docker.io/library/debian:trixie-slim@sha256:d7e12182ce18b85b93007c1dedf31f2d29e01ccf3182cc4017c709b6259bc132
image	upstream	debian:trixie-slim	arm64	docker.io/library/debian:trixie-slim@sha256:d7e12182ce18b85b93007c1dedf31f2d29e01ccf3182cc4017c709b6259bc132
image	upstream	docker/dockerfile:1	amd64	docker.io/docker/dockerfile:1@sha256:ecfaec9ed6d810b56388c508f4121597bfbba70d41a6dfeee4d8cad5f295fc32
image	upstream	docker/dockerfile:1	arm64	docker.io/docker/dockerfile:1@sha256:ecfaec9ed6d810b56388c508f4121597bfbba70d41a6dfeee4d8cad5f295fc32
image	upstream	docker/dockerfile:1-labs	amd64	docker.io/docker/dockerfile:1-labs@sha256:63e440b412b6acba117974e793b7e7f702e58ee65e044bdff1b8d388ee0d853b
image	upstream	docker/dockerfile:1-labs	arm64	docker.io/docker/dockerfile:1-labs@sha256:63e440b412b6acba117974e793b7e7f702e58ee65e044bdff1b8d388ee0d853b
image	upstream	docker:28-cli	amd64	docker.io/library/docker:28-cli@sha256:625d9431a9f54c5a2bc90f24f0e1c3d55b1349fd857dd85035f98c2c9acbdd4d
image	upstream	docker:28-cli	arm64	docker.io/library/docker:28-cli@sha256:625d9431a9f54c5a2bc90f24f0e1c3d55b1349fd857dd85035f98c2c9acbdd4d
image	upstream	moby/buildkit:v0.33.0	amd64	docker.io/moby/buildkit:v0.33.0@sha256:6c2fa84a6b61ccd72899dde4239f8d5717f05f9a8ca6f3cad185fb1a95a94de3
image	upstream	moby/buildkit:v0.33.0	arm64	docker.io/moby/buildkit:v0.33.0@sha256:6c2fa84a6b61ccd72899dde4239f8d5717f05f9a8ca6f3cad185fb1a95a94de3
image	upstream	registry:3.1.1	amd64	docker.io/library/registry:3.1.1@sha256:1be55279f18a2fe1a74edf2664cac61c1bea305b7b4642dab412e7affdcb3e33
image	upstream	registry:3.1.1	arm64	docker.io/library/registry:3.1.1@sha256:1be55279f18a2fe1a74edf2664cac61c1bea305b7b4642dab412e7affdcb3e33
image	upstream	rhysd/actionlint:1.7.12	amd64	docker.io/rhysd/actionlint:1.7.12@sha256:b1934ee5f1c509618f2508e6eb47ee0d3520686341fec936f3b79331f9315667
image	upstream	rhysd/actionlint:1.7.12	arm64	docker.io/rhysd/actionlint:1.7.12@sha256:b1934ee5f1c509618f2508e6eb47ee0d3520686341fec936f3b79331f9315667
image	upstream	tonistiigi/binfmt:qemu-v10.2.3	amd64	docker.io/tonistiigi/binfmt:qemu-v10.2.3@sha256:400a4873b838d1b89194d982c45e5fb3cda4593fbfd7e08a02e76b03b21166f0
image	upstream	tonistiigi/binfmt:qemu-v10.2.3	arm64	docker.io/tonistiigi/binfmt:qemu-v10.2.3@sha256:400a4873b838d1b89194d982c45e5fb3cda4593fbfd7e08a02e76b03b21166f0
image	upstream	ubuntu:24.04	amd64	docker.io/library/ubuntu:24.04@sha256:33ceb71981b602c1a7443a53469e4dba065f7503eab3078a2d7a57a2ab987517
image	upstream	ubuntu:24.04	arm64	docker.io/library/ubuntu:24.04@sha256:33ceb71981b602c1a7443a53469e4dba065f7503eab3078a2d7a57a2ab987517
