# mica-lock v1
release	mica-build	uefi-x64.20260914-2042	0123456789abcdef0123456789abcdef01234567
input	mica-boards.uefi-x64	20260914-2042	4444444444444444444444444444444444444444444444444444444444444444
input	mica-build-env	20260914-2042	5555555555555555555555555555555555555555555555555555555555555555
input	mica-core	20260914-2042	6666666666666666666666666666666666666666666666666666666666666666
input	mica-podman	20260914-2042	7777777777777777777777777777777777777777777777777777777777777777
input	mica-system-base	20260914-2042	8888888888888888888888888888888888888888888888888888888888888888
product	uefi-x64-dev	uefi-x64	dev	3	aaaaaaaaaaaaaaaaaaaaaaaaaaaaaaaaaaaaaaaaaaaaaaaaaaaaaaaaaaaaaaaa	bbbbbbbbbbbbbbbbbbbbbbbbbbbbbbbbbbbbbbbbbbbbbbbbbbbbbbbbbbbbbbbb	cccccccccccccccccccccccccccccccccccccccccccccccccccccccccccccccc
product	uefi-x64-minimal	uefi-x64	prod	3	dddddddddddddddddddddddddddddddddddddddddddddddddddddddddddddddd	bbbbbbbbbbbbbbbbbbbbbbbbbbbbbbbbbbbbbbbbbbbbbbbbbbbbbbbbbbbbbbbb	eeeeeeeeeeeeeeeeeeeeeeeeeeeeeeeeeeeeeeeeeeeeeeeeeeeeeeeeeeeeeeee
bundle	uefi-x64-dev	image	ghcr.io/micaoss/mica-build:image.uefi-x64-dev.20260914-2042@sha256:1111111111111111111111111111111111111111111111111111111111111111
bundle	uefi-x64-dev	update	ghcr.io/micaoss/mica-build:update.uefi-x64-dev.20260914-2042@sha256:2222222222222222222222222222222222222222222222222222222222222222
bundle	uefi-x64-minimal	image	ghcr.io/micaoss/mica-build:image.uefi-x64-minimal.20260914-2042@sha256:3333333333333333333333333333333333333333333333333333333333333333
bundle	uefi-x64-minimal	update	ghcr.io/micaoss/mica-build:update.uefi-x64-minimal.20260914-2042@sha256:9999999999999999999999999999999999999999999999999999999999999999
asset	uefi-x64-dev	image	disk	mica-uefi-x64-dev-20260914-2042.img.gz	ffffffffffffffffffffffffffffffffffffffffffffffffffffffffffffffff
asset	uefi-x64-dev	update	full	mica-uefi-x64-dev-20260914-2042.micaupd	eeeeeeeeeeeeeeeeeeeeeeeeeeeeeeeeeeeeeeeeeeeeeeeeeeeeeeeeeeeeeeee
asset	uefi-x64-dev	update	root	mica-uefi-x64-dev-20260914-2042.root.micaupd	dddddddddddddddddddddddddddddddddddddddddddddddddddddddddddddddd
asset	uefi-x64-minimal	image	disk	mica-uefi-x64-minimal-20260914-2042.img.gz	cccccccccccccccccccccccccccccccccccccccccccccccccccccccccccccccc
asset	uefi-x64-minimal	update	full	mica-uefi-x64-minimal-20260914-2042.micaupd	bbbbbbbbbbbbbbbbbbbbbbbbbbbbbbbbbbbbbbbbbbbbbbbbbbbbbbbbbbbbbbbb
