# mica-lock v1
release	mica-boards	cx3576/20260914-2042	0123456789abcdef0123456789abcdef01234567
pool	arm64	ghcr.io/micaoss/mica-boards:pool.cx3576.arm64.20260914-2042@sha256:bbbbbbbbbbbbbbbbbbbbbbbbbbbbbbbbbbbbbbbbbbbbbbbbbbbbbbbbbbbbbbbb
package	mica-board-cx3576	arm64	0.1.0+git0123456789ab-1	3333333333333333333333333333333333333333333333333333333333333333
package	mica-wifi	arm64	0.1.0+git0123456789ab-1	2222222222222222222222222222222222222222222222222222222222222222
board	cx3576	board	arm64	ghcr.io/micaoss/mica-boards:board.cx3576.20260914-2042@sha256:cccccccccccccccccccccccccccccccccccccccccccccccccccccccccccccccc
board	cx3576	firmware	arm64	ghcr.io/micaoss/mica-boards:firmware.cx3576.20260914-2042@sha256:7777777777777777777777777777777777777777777777777777777777777777
board	cx3576	kernel	arm64	ghcr.io/micaoss/mica-boards:kernel.cx3576.20260914-2042@sha256:8888888888888888888888888888888888888888888888888888888888888888
board	cx3576	uboot	arm64	ghcr.io/micaoss/mica-boards:uboot.cx3576.20260914-2042@sha256:9999999999999999999999999999999999999999999999999999999999999999
