# mica-lock v1
# the one lock of a Base release
release	mica-system-base	20260914-2042	0123456789abcdef0123456789abcdef01234567
image	mica-system-base	rootfs	amd64	ghcr.io/micaoss/mica-system-base@sha256:1111111111111111111111111111111111111111111111111111111111111111
image	mica-system-base	rootfs	arm64	ghcr.io/micaoss/mica-system-base@sha256:2222222222222222222222222222222222222222222222222222222222222222
image	mica-system-base	rootfs	index	ghcr.io/micaoss/mica-system-base:rootfs.20260914-2042@sha256:3333333333333333333333333333333333333333333333333333333333333333
pool	amd64	ghcr.io/micaoss/mica-system-base:pool.amd64.20260914-2042@sha256:aaaaaaaaaaaaaaaaaaaaaaaaaaaaaaaaaaaaaaaaaaaaaaaaaaaaaaaaaaaaaaaa
pool	arm64	ghcr.io/micaoss/mica-system-base:pool.arm64.20260914-2042@sha256:bbbbbbbbbbbbbbbbbbbbbbbbbbbbbbbbbbbbbbbbbbbbbbbbbbbbbbbbbbbbbbbb
package	mica-system	amd64	20260914-2042-1	4444444444444444444444444444444444444444444444444444444444444444
package	mica-system	arm64	20260914-2042-1	5555555555555555555555555555555555555555555555555555555555555555
upstream	bluez	amd64	5.82-1.1	6666666666666666666666666666666666666666666666666666666666666666	https://snapshot.debian.org/archive/debian/20260905T000000Z/pool/main/b/bluez/bluez_5.82-1.1_amd64.deb	bluez
upstream	libasound2-data	amd64	1.2.14-1	7777777777777777777777777777777777777777777777777777777777777777	https://snapshot.debian.org/archive/debian/20260905T000000Z/pool/main/a/alsa-lib/libasound2-data_1.2.14-1_all.deb	alsa-utils,bluez,libasound2t64
upstream	libasound2-data	arm64	1.2.14-1	7777777777777777777777777777777777777777777777777777777777777777	https://snapshot.debian.org/archive/debian/20260905T000000Z/pool/main/a/alsa-lib/libasound2-data_1.2.14-1_all.deb	alsa-utils,bluez,libasound2t64
apt	https://snapshot.debian.org/archive/debian/20260905T000000Z	trixie	main	/usr/share/keyrings/debian-archive-keyring.gpg
data	unowned.amd64	mica-system-base-unowned.amd64.tsv	aaaaaaaaaaaaaaaaaaaaaaaaaaaaaaaaaaaaaaaaaaaaaaaaaaaaaaaaaaaaaaaa
data	unowned.amd64	other.tsv	bbbbbbbbbbbbbbbbbbbbbbbbbbbbbbbbbbbbbbbbbbbbbbbbbbbbbbbbbbbbbbbb
