# mica-lock v1
release	mica-core	20260914-2042	0123456789abcdef0123456789abcdef01234567
pool	amd64	ghcr.io/micaoss/mica-core:pool.amd64.20260914-2042@sha256:aaaaaaaaaaaaaaaaaaaaaaaaaaaaaaaaaaaaaaaaaaaaaaaaaaaaaaaaaaaaaaaa
pool	arm64	ghcr.io/micaoss/mica-core:pool.arm64.20260914-2042@sha256:bbbbbbbbbbbbbbbbbbbbbbbbbbbbbbbbbbbbbbbbbbbbbbbbbbbbbbbbbbbbbbbb
package	mica-apid	amd64	0.1.0+git0123456789ab-1	1111111111111111111111111111111111111111111111111111111111111111
package	mica-apid	arm64	0.1.0+git0123456789ab-1	2222222222222222222222222222222222222222222222222222222222222222
package	micad	amd64	0.1.0+git0123456789ab-1	3333333333333333333333333333333333333333333333333333333333333333
package	micad	arm64	0.1.0+git0123456789ab-1	4444444444444444444444444444444444444444444444444444444444444444
package	micad	arm64	0.1.0+git0123456789ab-1	4444444444444444444444444444444444444444444444444444444444444444
