# mica-lock v1
release	mica-boards	x64/20260914-2042	0123456789abcdef0123456789abcdef01234567
pool	amd64	ghcr.io/micaoss/mica-boards:pool.x64.amd64.20260914-2042@sha256:aaaaaaaaaaaaaaaaaaaaaaaaaaaaaaaaaaaaaaaaaaaaaaaaaaaaaaaaaaaaaaaa
package	mica-board-x64	amd64	0.1.0+git0123456789ab-1	1111111111111111111111111111111111111111111111111111111111111111
package	mica-wifi	amd64	0.1.0+git0123456789ab-1	2222222222222222222222222222222222222222222222222222222222222222
board	cx3576	board	amd64	ghcr.io/micaoss/mica-boards:board.cx3576.20260914-2042@sha256:dddddddddddddddddddddddddddddddddddddddddddddddddddddddddddddddd
board	x64	firmware	amd64	ghcr.io/micaoss/mica-boards:firmware.x64.20260914-2042@sha256:eeeeeeeeeeeeeeeeeeeeeeeeeeeeeeeeeeeeeeeeeeeeeeeeeeeeeeeeeeeeeeee
board	x64	kernel	amd64	ghcr.io/micaoss/mica-boards:kernel.x64.20260914-2042@sha256:ffffffffffffffffffffffffffffffffffffffffffffffffffffffffffffffff
